
Microsoft Visual Studio Solution File, Format Version 12.00
# Visual Studio 16
Project("{FAE04EC0-301F-11D3-BF4B-00C04F79EFBC}") = "Assembly-CSharp", "Assembly-CSharp.csproj", "{EEBF5905-652A-BDE7-46EF-4A532567C115}"
EndProject
Global
	GlobalSection(SolutionConfigurationPlatforms) = preSolution
		Debug|Any CPU = Debug|Any CPU
		Release|Any CPU = Release|Any CPU
	EndGlobalSection
	GlobalSection(ProjectConfigurationPlatforms) = postSolution
		{EEBF5905-652A-BDE7-46EF-4A532567C115}.Debug|Any CPU.ActiveCfg = Debug|Any CPU
		{EEBF5905-652A-BDE7-46EF-4A532567C115}.Debug|Any CPU.Build.0 = Debug|Any CPU
		{EEBF5905-652A-BDE7-46EF-4A532567C115}.Release|Any CPU.ActiveCfg = Release|Any CPU
		{EEBF5905-652A-BDE7-46EF-4A532567C115}.Release|Any CPU.Build.0 = Release|Any CPU
	EndGlobalSection
	GlobalSection(SolutionProperties) = preSolution
		HideSolutionNode = FALSE
	EndGlobalSection
EndGlobal
